{
  "nodes": {
    "crate2nix": {
      "flake": false,
      "locked": {
        "lastModified": 1661733066,
        "narHash": "sha256-L7Fs9bEST7v07E8Zovd3O6ZtmBwNveglJq6bXhBZbgE=",
        "owner": "kolloch",
        "repo": "crate2nix",
        "rev": "198de9f237cb97ad32e0da7fb914b8e8d9fd87b7",
        "type": "github"
      },
      "original": {
        "owner": "kolloch",
        "repo": "crate2nix",
        "type": "github"
      }
    },
    "flake-utils": {
      "locked": {
        "lastModified": 1659877975,
        "narHash": "sha256-zllb8aq3YO3h8B/U0/J1WBgAL8EX5yWf5pMj3G0NAmc=",
        "owner": "numtide",
        "repo": "flake-utils",
        "rev": "c0e246b9b83f637f4681389ecabcb2681b4f3af0",
        "type": "github"
      },
      "original": {
        "owner": "numtide",
        "repo": "flake-utils",
        "type": "github"
      }
    },
    "nixpkgs": {
      "locked": {
        "lastModified": 1662299586,
        "narHash": "sha256-0zcDRe9eCcHfU7OQiuOZhu5LQR9C9u3XQR/dCJATGu8=",
        "owner": "nixos",
        "repo": "nixpkgs",
        "rev": "5518e6aba11f50f0953fa21c7ad6a283c4741b95",
        "type": "github"
      },
      "original": {
        "owner": "nixos",
        "repo": "nixpkgs",
        "type": "github"
      }
    },
    "root": {
      "inputs": {
        "crate2nix": "crate2nix",
        "flake-utils": "flake-utils",
        "nixpkgs": "nixpkgs"
      }
    }
  },
  "root": "root",
  "version": 7
}
